// !$*UTF8*$!
{
	archiveVersion = 1;
	classes = {
	};
	objectVersion = 46;
	objects = {

/* Begin PBXBuildFile section */
		EB1078201FEB5277006CDA6E /* SettingsViewController.swift in Sources */ = {isa = PBXBuildFile; fileRef = EB10781F1FEB5277006CDA6E /* SettingsViewController.swift */; };
		EB1078221FECC852006CDA6E /* settingIcon.png in Resources */ = {isa = PBXBuildFile; fileRef = EB1078211FECC852006CDA6E /* settingIcon.png */; };
		EB1078231FECC852006CDA6E /* settingIcon.png in Resources */ = {isa = PBXBuildFile; fileRef = EB1078211FECC852006CDA6E /* settingIcon.png */; };
		EB1078241FECC852006CDA6E /* settingIcon.png in Resources */ = {isa = PBXBuildFile; fileRef = EB1078211FECC852006CDA6E /* settingIcon.png */; };
		EB1078261FECCD30006CDA6E /* tipCalcIcon.png in Resources */ = {isa = PBXBuildFile; fileRef = EB1078251FECCD30006CDA6E /* tipCalcIcon.png */; };
		EB1078271FECCD30006CDA6E /* tipCalcIcon.png in Resources */ = {isa = PBXBuildFile; fileRef = EB1078251FECCD30006CDA6E /* tipCalcIcon.png */; };
		EB1078281FECCD30006CDA6E /* tipCalcIcon.png in Resources */ = {isa = PBXBuildFile; fileRef = EB1078251FECCD30006CDA6E /* tipCalcIcon.png */; };
		EB3924941FE8325700E2D0E5 /* AppDelegate.swift in Sources */ = {isa = PBXBuildFile; fileRef = EB3924931FE8325700E2D0E5 /* AppDelegate.swift */; };
		EB3924961FE8325700E2D0E5 /* ViewController.swift in Sources */ = {isa = PBXBuildFile; fileRef = EB3924951FE8325700E2D0E5 /* ViewController.swift */; };
		EB3924991FE8325700E2D0E5 /* Main.storyboard in Resources */ = {isa = PBXBuildFile; fileRef = EB3924971FE8325700E2D0E5 /* Main.storyboard */; };
		EB39249B1FE8325700E2D0E5 /* Assets.xcassets in Resources */ = {isa = PBXBuildFile; fileRef = EB39249A1FE8325700E2D0E5 /* Assets.xcassets */; };
		EB39249E1FE8325700E2D0E5 /* LaunchScreen.storyboard in Resources */ = {isa = PBXBuildFile; fileRef = EB39249C1FE8325700E2D0E5 /* LaunchScreen.storyboard */; };
		EB3924A91FE8325800E2D0E5 /* Tip_Calculator_2018_SubmissionTests.swift in Sources */ = {isa = PBXBuildFile; fileRef = EB3924A81FE8325800E2D0E5 /* Tip_Calculator_2018_SubmissionTests.swift */; };
		EB3924B41FE8325800E2D0E5 /* Tip_Calculator_2018_SubmissionUITests.swift in Sources */ = {isa = PBXBuildFile; fileRef = EB3924B31FE8325800E2D0E5 /* Tip_Calculator_2018_SubmissionUITests.swift */; };
/* End PBXBuildFile section */

/* Begin PBXContainerItemProxy section */
		EB3924A51FE8325800E2D0E5 /* PBXContainerItemProxy */ = {
			isa = PBXContainerItemProxy;
			containerPortal = EB3924881FE8325700E2D0E5 /* Project object */;
			proxyType = 1;
			remoteGlobalIDString = EB39248F1FE8325700E2D0E5;
			remoteInfo = Tip_Calculator_2018_Submission;
		};
		EB3924B01FE8325800E2D0E5 /* PBXContainerItemProxy */ = {
			isa = PBXContainerItemProxy;
			containerPortal = EB3924881FE8325700E2D0E5 /* Project object */;
			proxyType = 1;
			remoteGlobalIDString = EB39248F1FE8325700E2D0E5;
			remoteInfo = Tip_Calculator_2018_Submission;
		};
/* End PBXContainerItemProxy section */

/* Begin PBXFileReference section */
		EB10781F1FEB5277006CDA6E /* SettingsViewController.swift */ = {isa = PBXFileReference; fileEncoding = 4; lastKnownFileType = sourcecode.swift; path = SettingsViewController.swift; sourceTree = "<group>"; };
		EB1078211FECC852006CDA6E /* settingIcon.png */ = {isa = PBXFileReference; lastKnownFileType = image.png; path = settingIcon.png; sourceTree = "<group>"; };
		EB1078251FECCD30006CDA6E /* tipCalcIcon.png */ = {isa = PBXFileReference; lastKnownFileType = image.png; path = tipCalcIcon.png; sourceTree = "<group>"; };
		EB3924901FE8325700E2D0E5 /* Tip_Calculator_2018_Submission.app */ = {isa = PBXFileReference; explicitFileType = wrapper.application; includeInIndex = 0; path = Tip_Calculator_2018_Submission.app; sourceTree = BUILT_PRODUCTS_DIR; };
		EB3924931FE8325700E2D0E5 /* AppDelegate.swift */ = {isa = PBXFileReference; lastKnownFileType = sourcecode.swift; path = AppDelegate.swift; sourceTree = "<group>"; };
		EB3924951FE8325700E2D0E5 /* ViewController.swift */ = {isa = PBXFileReference; lastKnownFileType = sourcecode.swift; path = ViewController.swift; sourceTree = "<group>"; };
		EB3924981FE8325700E2D0E5 /* Base */ = {isa = PBXFileReference; lastKnownFileType = file.storyboard; name = Base; path = Base.lproj/Main.storyboard; sourceTree = "<group>"; };
		EB39249A1FE8325700E2D0E5 /* Assets.xcassets */ = {isa = PBXFileReference; lastKnownFileType = folder.assetcatalog; path = Assets.xcassets; sourceTree = "<group>"; };
		EB39249D1FE8325700E2D0E5 /* Base */ = {isa = PBXFileReference; lastKnownFileType = file.storyboard; name = Base; path = Base.lproj/LaunchScreen.storyboard; sourceTree = "<group>"; };
		EB39249F1FE8325700E2D0E5 /* Info.plist */ = {isa = PBXFileReference; lastKnownFileType = text.plist.xml; path = Info.plist; sourceTree = "<group>"; };
		EB3924A41FE8325800E2D0E5 /* Tip_Calculator_2018_SubmissionTests.xctest */ = {isa = PBXFileReference; explicitFileType = wrapper.cfbundle; includeInIndex = 0; path = Tip_Calculator_2018_SubmissionTests.xctest; sourceTree = BUILT_PRODUCTS_DIR; };
		EB3924A81FE8325800E2D0E5 /* Tip_Calculator_2018_SubmissionTests.swift */ = {isa = PBXFileReference; lastKnownFileType = sourcecode.swift; path = Tip_Calculator_2018_SubmissionTests.swift; sourceTree = "<group>"; };
		EB3924AA1FE8325800E2D0E5 /* Info.plist */ = {isa = PBXFileReference; lastKnownFileType = text.plist.xml; path = Info.plist; sourceTree = "<group>"; };
		EB3924AF1FE8325800E2D0E5 /* Tip_Calculator_2018_SubmissionUITests.xctest */ = {isa = PBXFileReference; explicitFileType = wrapper.cfbundle; includeInIndex = 0; path = Tip_Calculator_2018_SubmissionUITests.xctest; sourceTree = BUILT_PRODUCTS_DIR; };
		EB3924B31FE8325800E2D0E5 /* Tip_Calculator_2018_SubmissionUITests.swift */ = {isa = PBXFileReference; lastKnownFileType = sourcecode.swift; path = Tip_Calculator_2018_SubmissionUITests.swift; sourceTree = "<group>"; };
		EB3924B51FE8325800E2D0E5 /* Info.plist */ = {isa = PBXFileReference; lastKnownFileType = text.plist.xml; path = Info.plist; sourceTree = "<group>"; };
/* End PBXFileReference section */

/* Begin PBXFrameworksBuildPhase section */
		EB39248D1FE8325700E2D0E5 /* Frameworks */ = {
			isa = PBXFrameworksBuildPhase;
			buildActionMask = 2147483647;
			files = (
			);
			runOnlyForDeploymentPostprocessing = 0;
		};
		EB3924A11FE8325800E2D0E5 /* Frameworks */ = {
			isa = PBXFrameworksBuildPhase;
			buildActionMask = 2147483647;
			files = (
			);
			runOnlyForDeploymentPostprocessing = 0;
		};
		EB3924AC1FE8325800E2D0E5 /* Frameworks */ = {
			isa = PBXFrameworksBuildPhase;
			buildActionMask = 2147483647;
			files = (
			);
			runOnlyForDeploymentPostprocessing = 0;
		};
/* End PBXFrameworksBuildPhase section */

/* Begin PBXGroup section */
		EB3924871FE8325700E2D0E5 = {
			isa = PBXGroup;
			children = (
				EB3924921FE8325700E2D0E5 /* Tip_Calculator_2018_Submission */,
				EB3924A71FE8325800E2D0E5 /* Tip_Calculator_2018_SubmissionTests */,
				EB3924B21FE8325800E2D0E5 /* Tip_Calculator_2018_SubmissionUITests */,
				EB3924911FE8325700E2D0E5 /* Products */,
			);
			sourceTree = "<group>";
		};
		EB3924911FE8325700E2D0E5 /* Products */ = {
			isa = PBXGroup;
			children = (
				EB3924901FE8325700E2D0E5 /* Tip_Calculator_2018_Submission.app */,
				EB3924A41FE8325800E2D0E5 /* Tip_Calculator_2018_SubmissionTests.xctest */,
				EB3924AF1FE8325800E2D0E5 /* Tip_Calculator_2018_SubmissionUITests.xctest */,
			);
			name = Products;
			sourceTree = "<group>";
		};
		EB3924921FE8325700E2D0E5 /* Tip_Calculator_2018_Submission */ = {
			isa = PBXGroup;
			children = (
				EB1078251FECCD30006CDA6E /* tipCalcIcon.png */,
				EB1078211FECC852006CDA6E /* settingIcon.png */,
				EB3924931FE8325700E2D0E5 /* AppDelegate.swift */,
				EB3924951FE8325700E2D0E5 /* ViewController.swift */,
				EB3924971FE8325700E2D0E5 /* Main.storyboard */,
				EB10781F1FEB5277006CDA6E /* SettingsViewController.swift */,
				EB39249A1FE8325700E2D0E5 /* Assets.xcassets */,
				EB39249C1FE8325700E2D0E5 /* LaunchScreen.storyboard */,
				EB39249F1FE8325700E2D0E5 /* Info.plist */,
			);
			path = Tip_Calculator_2018_Submission;
			sourceTree = "<group>";
		};
		EB3924A71FE8325800E2D0E5 /* Tip_Calculator_2018_SubmissionTests */ = {
			isa = PBXGroup;
			children = (
				EB3924A81FE8325800E2D0E5 /* Tip_Calculator_2018_SubmissionTests.swift */,
				EB3924AA1FE8325800E2D0E5 /* Info.plist */,
			);
			path = Tip_Calculator_2018_SubmissionTests;
			sourceTree = "<group>";
		};
		EB3924B21FE8325800E2D0E5 /* Tip_Calculator_2018_SubmissionUITests */ = {
			isa = PBXGroup;
			children = (
				EB3924B31FE8325800E2D0E5 /* Tip_Calculator_2018_SubmissionUITests.swift */,
				EB3924B51FE8325800E2D0E5 /* Info.plist */,
			);
			path = Tip_Calculator_2018_SubmissionUITests;
			sourceTree = "<group>";
		};
/* End PBXGroup section */

/* Begin PBXNativeTarget section */
		EB39248F1FE8325700E2D0E5 /* Tip_Calculator_2018_Submission */ = {
			isa = PBXNativeTarget;
			buildConfigurationList = EB3924B81FE8325800E2D0E5 /* Build configuration list for PBXNativeTarget "Tip_Calculator_2018_Submission" */;
			buildPhases = (
				EB39248C1FE8325700E2D0E5 /* Sources */,
				EB39248D1FE8325700E2D0E5 /* Frameworks */,
				EB39248E1FE8325700E2D0E5 /* Resources */,
			);
			buildRules = (
			);
			dependencies = (
			);
			name = Tip_Calculator_2018_Submission;
			productName = Tip_Calculator_2018_Submission;
			productReference = EB3924901FE8325700E2D0E5 /* Tip_Calculator_2018_Submission.app */;
			productType = "com.apple.product-type.application";
		};
		EB3924A31FE8325800E2D0E5 /* Tip_Calculator_2018_SubmissionTests */ = {
			isa = PBXNativeTarget;
			buildConfigurationList = EB3924BB1FE8325800E2D0E5 /* Build configuration list for PBXNativeTarget "Tip_Calculator_2018_SubmissionTests" */;
			buildPhases = (
				EB3924A01FE8325800E2D0E5 /* Sources */,
				EB3924A11FE8325800E2D0E5 /* Frameworks */,
				EB3924A21FE8325800E2D0E5 /* Resources */,
			);
			buildRules = (
			);
			dependencies = (
				EB3924A61FE8325800E2D0E5 /* PBXTargetDependency */,
			);
			name = Tip_Calculator_2018_SubmissionTests;
			productName = Tip_Calculator_2018_SubmissionTests;
			productReference = EB3924A41FE8325800E2D0E5 /* Tip_Calculator_2018_SubmissionTests.xctest */;
			productType = "com.apple.product-type.bundle.unit-test";
		};
		EB3924AE1FE8325800E2D0E5 /* Tip_Calculator_2018_SubmissionUITests */ = {
			isa = PBXNativeTarget;
			buildConfigurationList = EB3924BE1FE8325800E2D0E5 /* Build configuration list for PBXNativeTarget "Tip_Calculator_2018_SubmissionUITests" */;
			buildPhases = (
				EB3924AB1FE8325800E2D0E5 /* Sources */,
				EB3924AC1FE8325800E2D0E5 /* Frameworks */,
				EB3924AD1FE8325800E2D0E5 /* Resources */,
			);
			buildRules = (
			);
			dependencies = (
				EB3924B11FE8325800E2D0E5 /* PBXTargetDependency */,
			);
			name = Tip_Calculator_2018_SubmissionUITests;
			productName = Tip_Calculator_2018_SubmissionUITests;
			productReference = EB3924AF1FE8325800E2D0E5 /* Tip_Calculator_2018_SubmissionUITests.xctest */;
			productType = "com.apple.product-type.bundle.ui-testing";
		};
/* End PBXNativeTarget section */

/* Begin PBXProject section */
		EB3924881FE8325700E2D0E5 /* Project object */ = {
			isa = PBXProject;
			attributes = {
				LastSwiftUpdateCheck = 0830;
				LastUpgradeCheck = 0830;
				ORGANIZATIONNAME = Adeyemi;
				TargetAttributes = {
					EB39248F1FE8325700E2D0E5 = {
						CreatedOnToolsVersion = 8.3.3;
						DevelopmentTeam = 4H5TGRT6U8;
						ProvisioningStyle = Automatic;
					};
					EB3924A31FE8325800E2D0E5 = {
						CreatedOnToolsVersion = 8.3.3;
						DevelopmentTeam = 4H5TGRT6U8;
						ProvisioningStyle = Automatic;
						TestTargetID = EB39248F1FE8325700E2D0E5;
					};
					EB3924AE1FE8325800E2D0E5 = {
						CreatedOnToolsVersion = 8.3.3;
						DevelopmentTeam = 4H5TGRT6U8;
						ProvisioningStyle = Automatic;
						TestTargetID = EB39248F1FE8325700E2D0E5;
					};
				};
			};
			buildConfigurationList = EB39248B1FE8325700E2D0E5 /* Build configuration list for PBXProject "Tip_Calculator_2018_Submission" */;
			compatibilityVersion = "Xcode 3.2";
			developmentRegion = English;
			hasScannedForEncodings = 0;
			knownRegions = (
				en,
				Base,
			);
			mainGroup = EB3924871FE8325700E2D0E5;
			productRefGroup = EB3924911FE8325700E2D0E5 /* Products */;
			projectDirPath = "";
			projectRoot = "";
			targets = (
				EB39248F1FE8325700E2D0E5 /* Tip_Calculator_2018_Submission */,
				EB3924A31FE8325800E2D0E5 /* Tip_Calculator_2018_SubmissionTests */,
				EB3924AE1FE8325800E2D0E5 /* Tip_Calculator_2018_SubmissionUITests */,
			);
		};
/* End PBXProject section */

/* Begin PBXResourcesBuildPhase section */
		EB39248E1FE8325700E2D0E5 /* Resources */ = {
			isa = PBXResourcesBuildPhase;
			buildActionMask = 2147483647;
			files = (
				EB39249E1FE8325700E2D0E5 /* LaunchScreen.storyboard in Resources */,
				EB1078221FECC852006CDA6E /* settingIcon.png in Resources */,
				EB1078261FECCD30006CDA6E /* tipCalcIcon.png in Resources */,
				EB39249B1FE8325700E2D0E5 /* Assets.xcassets in Resources */,
				EB3924991FE8325700E2D0E5 /* Main.storyboard in Resources */,
			);
			runOnlyForDeploymentPostprocessing = 0;
		};
		EB3924A21FE8325800E2D0E5 /* Resources */ = {
			isa = PBXResourcesBuildPhase;
			buildActionMask = 2147483647;
			files = (
				EB1078231FECC852006CDA6E /* settingIcon.png in Resources */,
				EB1078271FECCD30006CDA6E /* tipCalcIcon.png in Resources */,
			);
			runOnlyForDeploymentPostprocessing = 0;
		};
		EB3924AD1FE8325800E2D0E5 /* Resources */ = {
			isa = PBXResourcesBuildPhase;
			buildActionMask = 2147483647;
			files = (
				EB1078241FECC852006CDA6E /* settingIcon.png in Resources */,
				EB1078281FECCD30006CDA6E /* tipCalcIcon.png in Resources */,
			);
			runOnlyForDeploymentPostprocessing = 0;
		};
/* End PBXResourcesBuildPhase section */

/* Begin PBXSourcesBuildPhase section */
		EB39248C1FE8325700E2D0E5 /* Sources */ = {
			isa = PBXSourcesBuildPhase;
			buildActionMask = 2147483647;
			files = (
				EB3924961FE8325700E2D0E5 /* ViewController.swift in Sources */,
				EB3924941FE8325700E2D0E5 /* AppDelegate.swift in Sources */,
				EB1078201FEB5277006CDA6E /* SettingsViewController.swift in Sources */,
			);
			runOnlyForDeploymentPostprocessing = 0;
		};
		EB3924A01FE8325800E2D0E5 /* Sources */ = {
			isa = PBXSourcesBuildPhase;
			buildActionMask = 2147483647;
			files = (
				EB3924A91FE8325800E2D0E5 /* Tip_Calculator_2018_SubmissionTests.swift in Sources */,
			);
			runOnlyForDeploymentPostprocessing = 0;
		};
		EB3924AB1FE8325800E2D0E5 /* Sources */ = {
			isa = PBXSourcesBuildPhase;
			buildActionMask = 2147483647;
			files = (
				EB3924B41FE8325800E2D0E5 /* Tip_Calculator_2018_SubmissionUITests.swift in Sources */,
			);
			runOnlyForDeploymentPostprocessing = 0;
		};
/* End PBXSourcesBuildPhase section */

/* Begin PBXTargetDependency section */
		EB3924A61FE8325800E2D0E5 /* PBXTargetDependency */ = {
			isa = PBXTargetDependency;
			target = EB39248F1FE8325700E2D0E5 /* Tip_Calculator_2018_Submission */;
			targetProxy = EB3924A51FE8325800E2D0E5 /* PBXContainerItemProxy */;
		};
		EB3924B11FE8325800E2D0E5 /* PBXTargetDependency */ = {
			isa = PBXTargetDependency;
			target = EB39248F1FE8325700E2D0E5 /* Tip_Calculator_2018_Submission */;
			targetProxy = EB3924B01FE8325800E2D0E5 /* PBXContainerItemProxy */;
		};
/* End PBXTargetDependency section */

/* Begin PBXVariantGroup section */
		EB3924971FE8325700E2D0E5 /* Main.storyboard */ = {
			isa = PBXVariantGroup;
			children = (
				EB3924981FE8325700E2D0E5 /* Base */,
			);
			name = Main.storyboard;
			sourceTree = "<group>";
		};
		EB39249C1FE8325700E2D0E5 /* LaunchScreen.storyboard */ = {
			isa = PBXVariantGroup;
			children = (
				EB39249D1FE8325700E2D0E5 /* Base */,
			);
			name = LaunchScreen.storyboard;
			sourceTree = "<group>";
		};
/* End PBXVariantGroup section */

/* Begin XCBuildConfiguration section */
		EB3924B61FE8325800E2D0E5 /* Debug */ = {
			isa = XCBuildConfiguration;
			buildSettings = {
				ALWAYS_SEARCH_USER_PATHS = NO;
				CLANG_ANALYZER_NONNULL = YES;
				CLANG_ANALYZER_NUMBER_OBJECT_CONVERSION = YES_AGGRESSIVE;
				CLANG_CXX_LANGUAGE_STANDARD = "gnu++0x";
				CLANG_CXX_LIBRARY = "libc++";
				CLANG_ENABLE_MODULES = YES;
				CLANG_ENABLE_OBJC_ARC = YES;
				CLANG_WARN_BOOL_CONVERSION = YES;
				CLANG_WARN_CONSTANT_CONVERSION = YES;
				CLANG_WARN_DIRECT_OBJC_ISA_USAGE = YES_ERROR;
				CLANG_WARN_DOCUMENTATION_COMMENTS = YES;
				CLANG_WARN_EMPTY_BODY = YES;
				CLANG_WARN_ENUM_CONVERSION = YES;
				CLANG_WARN_INFINITE_RECURSION = YES;
				CLANG_WARN_INT_CONVERSION = YES;
				CLANG_WARN_OBJC_ROOT_CLASS = YES_ERROR;
				CLANG_WARN_SUSPICIOUS_MOVE = YES;
				CLANG_WARN_UNREACHABLE_CODE = YES;
				CLANG_WARN__DUPLICATE_METHOD_MATCH = YES;
				"CODE_SIGN_IDENTITY[sdk=iphoneos*]" = "iPhone Developer";
				COPY_PHASE_STRIP = NO;
				DEBUG_INFORMATION_FORMAT = dwarf;
				ENABLE_STRICT_OBJC_MSGSEND = YES;
				ENABLE_TESTABILITY = YES;
				GCC_C_LANGUAGE_STANDARD = gnu99;
				GCC_DYNAMIC_NO_PIC = NO;
				GCC_NO_COMMON_BLOCKS = YES;
				GCC_OPTIMIZATION_LEVEL = 0;
				GCC_PREPROCESSOR_DEFINITIONS = (
					"DEBUG=1",
					"$(inherited)",
				);
				GCC_WARN_64_TO_32_BIT_CONVERSION = YES;
				GCC_WARN_ABOUT_RETURN_TYPE = YES_ERROR;
				GCC_WARN_UNDECLARED_SELECTOR = YES;
				GCC_WARN_UNINITIALIZED_AUTOS = YES_AGGRESSIVE;
				GCC_WARN_UNUSED_FUNCTION = YES;
				GCC_WARN_UNUSED_VARIABLE = YES;
				IPHONEOS_DEPLOYMENT_TARGET = 10.3;
				MTL_ENABLE_DEBUG_INFO = YES;
				ONLY_ACTIVE_ARCH = YES;
				SDKROOT = iphoneos;
				SWIFT_ACTIVE_COMPILATION_CONDITIONS = DEBUG;
				SWIFT_OPTIMIZATION_LEVEL = "-Onone";
				TARGETED_DEVICE_FAMILY = "1,2";
			};
			name = Debug;
		};
		EB3924B71FE8325800E2D0E5 /* Release */ = {
			isa = XCBuildConfiguration;
			buildSettings = {
				ALWAYS_SEARCH_USER_PATHS = NO;
				CLANG_ANALYZER_NONNULL = YES;
				CLANG_ANALYZER_NUMBER_OBJECT_CONVERSION = YES_AGGRESSIVE;
				CLANG_CXX_LANGUAGE_STANDARD = "gnu++0x";
				CLANG_CXX_LIBRARY = "libc++";
				CLANG_ENABLE_MODULES = YES;
				CLANG_ENABLE_OBJC_ARC = YES;
				CLANG_WARN_BOOL_CONVERSION = YES;
				CLANG_WARN_CONSTANT_CONVERSION = YES;
				CLANG_WARN_DIRECT_OBJC_ISA_USAGE = YES_ERROR;
				CLANG_WARN_DOCUMENTATION_COMMENTS = YES;
				CLANG_WARN_EMPTY_BODY = YES;
				CLANG_WARN_ENUM_CONVERSION = YES;
				CLANG_WARN_INFINITE_RECURSION = YES;
				CLANG_WARN_INT_CONVERSION = YES;
				CLANG_WARN_OBJC_ROOT_CLASS = YES_ERROR;
				CLANG_WARN_SUSPICIOUS_MOVE = YES;
				CLANG_WARN_UNREACHABLE_CODE = YES;
				CLANG_WARN__DUPLICATE_METHOD_MATCH = YES;
				"CODE_SIGN_IDENTITY[sdk=iphoneos*]" = "iPhone Developer";
				COPY_PHASE_STRIP = NO;
				DEBUG_INFORMATION_FORMAT = "dwarf-with-dsym";
				ENABLE_NS_ASSERTIONS = NO;
				ENABLE_STRICT_OBJC_MSGSEND = YES;
				GCC_C_LANGUAGE_STANDARD = gnu99;
				GCC_NO_COMMON_BLOCKS = YES;
				GCC_WARN_64_TO_32_BIT_CONVERSION = YES;
				GCC_WARN_ABOUT_RETURN_TYPE = YES_ERROR;
				GCC_WARN_UNDECLARED_SELECTOR = YES;
				GCC_WARN_UNINITIALIZED_AUTOS = YES_AGGRESSIVE;
				GCC_WARN_UNUSED_FUNCTION = YES;
				GCC_WARN_UNUSED_VARIABLE = YES;
				IPHONEOS_DEPLOYMENT_TARGET = 10.3;
				MTL_ENABLE_DEBUG_INFO = NO;
				SDKROOT = iphoneos;
				SWIFT_OPTIMIZATION_LEVEL = "-Owholemodule";
				TARGETED_DEVICE_FAMILY = "1,2";
				VALIDATE_PRODUCT = YES;
			};
			name = Release;
		};
		EB3924B91FE8325800E2D0E5 /* Debug */ = {
			isa = XCBuildConfiguration;
			buildSettings = {
				ASSETCATALOG_COMPILER_APPICON_NAME = AppIcon;
				DEVELOPMENT_TEAM = 4H5TGRT6U8;
				INFOPLIST_FILE = Tip_Calculator_2018_Submission/Info.plist;
				LD_RUNPATH_SEARCH_PATHS = "$(inherited) @executable_path/Frameworks";
				PRODUCT_BUNDLE_IDENTIFIER = "com.example.adeyemi.Tip-Calculator-2018-Submission";
				PRODUCT_NAME = "$(TARGET_NAME)";
				SWIFT_VERSION = 3.0;
			};
			name = Debug;
		};
		EB3924BA1FE8325800E2D0E5 /* Release */ = {
			isa = XCBuildConfiguration;
			buildSettings = {
				ASSETCATALOG_COMPILER_APPICON_NAME = AppIcon;
				DEVELOPMENT_TEAM = 4H5TGRT6U8;
				INFOPLIST_FILE = Tip_Calculator_2018_Submission/Info.plist;
				LD_RUNPATH_SEARCH_PATHS = "$(inherited) @executable_path/Frameworks";
				PRODUCT_BUNDLE_IDENTIFIER = "com.example.adeyemi.Tip-Calculator-2018-Submission";
				PRODUCT_NAME = "$(TARGET_NAME)";
				SWIFT_VERSION = 3.0;
			};
			name = Release;
		};
		EB3924BC1FE8325800E2D0E5 /* Debug */ = {
			isa = XCBuildConfiguration;
			buildSettings = {
				ALWAYS_EMBED_SWIFT_STANDARD_LIBRARIES = YES;
				BUNDLE_LOADER = "$(TEST_HOST)";
				DEVELOPMENT_TEAM = 4H5TGRT6U8;
				INFOPLIST_FILE = Tip_Calculator_2018_SubmissionTests/Info.plist;
				LD_RUNPATH_SEARCH_PATHS = "$(inherited) @executable_path/Frameworks @loader_path/Frameworks";
				PRODUCT_BUNDLE_IDENTIFIER = "com.example.adeyemi.Tip-Calculator-2018-SubmissionTests";
				PRODUCT_NAME = "$(TARGET_NAME)";
				SWIFT_VERSION = 3.0;
				TEST_HOST = "$(BUILT_PRODUCTS_DIR)/Tip_Calculator_2018_Submission.app/Tip_Calculator_2018_Submission";
			};
			name = Debug;
		};
		EB3924BD1FE8325800E2D0E5 /* Release */ = {
			isa = XCBuildConfiguration;
			buildSettings = {
				ALWAYS_EMBED_SWIFT_STANDARD_LIBRARIES = YES;
				BUNDLE_LOADER = "$(TEST_HOST)";
				DEVELOPMENT_TEAM = 4H5TGRT6U8;
				INFOPLIST_FILE = Tip_Calculator_2018_SubmissionTests/Info.plist;
				LD_RUNPATH_SEARCH_PATHS = "$(inherited) @executable_path/Frameworks @loader_path/Frameworks";
				PRODUCT_BUNDLE_IDENTIFIER = "com.example.adeyemi.Tip-Calculator-2018-SubmissionTests";
				PRODUCT_NAME = "$(TARGET_NAME)";
				SWIFT_VERSION = 3.0;
				TEST_HOST = "$(BUILT_PRODUCTS_DIR)/Tip_Calculator_2018_Submission.app/Tip_Calculator_2018_Submission";
			};
			name = Release;
		};
		EB3924BF1FE8325800E2D0E5 /* Debug */ = {
			isa = XCBuildConfiguration;
			buildSettings = {
				ALWAYS_EMBED_SWIFT_STANDARD_LIBRARIES = YES;
				DEVELOPMENT_TEAM = 4H5TGRT6U8;
				INFOPLIST_FILE = Tip_Calculator_2018_SubmissionUITests/Info.plist;
				LD_RUNPATH_SEARCH_PATHS = "$(inherited) @executable_path/Frameworks @loader_path/Frameworks";
				PRODUCT_BUNDLE_IDENTIFIER = "com.example.adeyemi.Tip-Calculator-2018-SubmissionUITests";
				PRODUCT_NAME = "$(TARGET_NAME)";
				SWIFT_VERSION = 3.0;
				TEST_TARGET_NAME = Tip_Calculator_2018_Submission;
			};
			name = Debug;
		};
		EB3924C01FE8325800E2D0E5 /* Release */ = {
			isa = XCBuildConfiguration;
			buildSettings = {
				ALWAYS_EMBED_SWIFT_STANDARD_LIBRARIES = YES;
				DEVELOPMENT_TEAM = 4H5TGRT6U8;
				INFOPLIST_FILE = Tip_Calculator_2018_SubmissionUITests/Info.plist;
				LD_RUNPATH_SEARCH_PATHS = "$(inherited) @executable_path/Frameworks @loader_path/Frameworks";
				PRODUCT_BUNDLE_IDENTIFIER = "com.example.adeyemi.Tip-Calculator-2018-SubmissionUITests";
				PRODUCT_NAME = "$(TARGET_NAME)";
				SWIFT_VERSION = 3.0;
				TEST_TARGET_NAME = Tip_Calculator_2018_Submission;
			};
			name = Release;
		};
/* End XCBuildConfiguration section */

/* Begin XCConfigurationList section */
		EB39248B1FE8325700E2D0E5 /* Build configuration list for PBXProject "Tip_Calculator_2018_Submission" */ = {
			isa = XCConfigurationList;
			buildConfigurations = (
				EB3924B61FE8325800E2D0E5 /* Debug */,
				EB3924B71FE8325800E2D0E5 /* Release */,
			);
			defaultConfigurationIsVisible = 0;
			defaultConfigurationName = Release;
		};
		EB3924B81FE8325800E2D0E5 /* Build configuration list for PBXNativeTarget "Tip_Calculator_2018_Submission" */ = {
			isa = XCConfigurationList;
			buildConfigurations = (
				EB3924B91FE8325800E2D0E5 /* Debug */,
				EB3924BA1FE8325800E2D0E5 /* Release */,
			);
			defaultConfigurationIsVisible = 0;
			defaultConfigurationName = Release;
		};
		EB3924BB1FE8325800E2D0E5 /* Build configuration list for PBXNativeTarget "Tip_Calculator_2018_SubmissionTests" */ = {
			isa = XCConfigurationList;
			buildConfigurations = (
				EB3924BC1FE8325800E2D0E5 /* Debug */,
				EB3924BD1FE8325800E2D0E5 /* Release */,
			);
			defaultConfigurationIsVisible = 0;
			defaultConfigurationName = Release;
		};
		EB3924BE1FE8325800E2D0E5 /* Build configuration list for PBXNativeTarget "Tip_Calculator_2018_SubmissionUITests" */ = {
			isa = XCConfigurationList;
			buildConfigurations = (
				EB3924BF1FE8325800E2D0E5 /* Debug */,
				EB3924C01FE8325800E2D0E5 /* Release */,
			);
			defaultConfigurationIsVisible = 0;
			defaultConfigurationName = Release;
		};
/* End XCConfigurationList section */
	};
	rootObject = EB3924881FE8325700E2D0E5 /* Project object */;
}
